
Microsoft Visual Studio Solution File, Format Version 12.00
# Visual Studio Version 16
VisualStudioVersion = 16.0.31515.178
MinimumVisualStudioVersion = 10.0.40219.1
Project("{FAE04EC0-301F-11D3-BF4B-00C04F79EFBC}") = "ReportGenerator", "ReportGenerator\ReportGenerator.csproj", "{66C5DC83-97DB-499C-B5B8-A29E6494E329}"
EndProject
Project("{FAE04EC0-301F-11D3-BF4B-00C04F79EFBC}") = "ReportGeneratorCM", "ReportGeneratorCM\ReportGeneratorCM.csproj", "{D01ADD1A-729F-40DF-A26F-C3AB79628A91}"
EndProject
Global
	GlobalSection(SolutionConfigurationPlatforms) = preSolution
		Debug|Any CPU = Debug|Any CPU
		Release|Any CPU = Release|Any CPU
	EndGlobalSection
	GlobalSection(ProjectConfigurationPlatforms) = postSolution
		{66C5DC83-97DB-499C-B5B8-A29E6494E329}.Debug|Any CPU.ActiveCfg = Debug|Any CPU
		{66C5DC83-97DB-499C-B5B8-A29E6494E329}.Debug|Any CPU.Build.0 = Debug|Any CPU
		{66C5DC83-97DB-499C-B5B8-A29E6494E329}.Release|Any CPU.ActiveCfg = Release|Any CPU
		{66C5DC83-97DB-499C-B5B8-A29E6494E329}.Release|Any CPU.Build.0 = Release|Any CPU
		{D01ADD1A-729F-40DF-A26F-C3AB79628A91}.Debug|Any CPU.ActiveCfg = Debug|Any CPU
		{D01ADD1A-729F-40DF-A26F-C3AB79628A91}.Debug|Any CPU.Build.0 = Debug|Any CPU
		{D01ADD1A-729F-40DF-A26F-C3AB79628A91}.Release|Any CPU.ActiveCfg = Release|Any CPU
		{D01ADD1A-729F-40DF-A26F-C3AB79628A91}.Release|Any CPU.Build.0 = Release|Any CPU
	EndGlobalSection
	GlobalSection(SolutionProperties) = preSolution
		HideSolutionNode = FALSE
	EndGlobalSection
	GlobalSection(ExtensibilityGlobals) = postSolution
		SolutionGuid = {EB5BAC49-1E62-4551-A557-3F330D7F9002}
	EndGlobalSection
EndGlobal
